
Microsoft Visual Studio Solution File, Format Version 12.00
# Visual Studio Version 16
VisualStudioVersion = 16.0.29326.143
MinimumVisualStudioVersion = 10.0.40219.1
Project("{FAE04EC0-301F-11D3-BF4B-00C04F79EFBC}") = "GrpcServer", "GrpcServer\GrpcServer.csproj", "{D0568131-8181-467A-8C9E-E48D63C30D8F}"
EndProject
Project("{FAE04EC0-301F-11D3-BF4B-00C04F79EFBC}") = "GrpcClient", "GrpcClient\GrpcClient.csproj", "{EC2ACC76-9044-424D-B01C-65C5FDA80563}"
EndProject
Global
	GlobalSection(SolutionConfigurationPlatforms) = preSolution
		Debug|Any CPU = Debug|Any CPU
		Release|Any CPU = Release|Any CPU
	EndGlobalSection
	GlobalSection(ProjectConfigurationPlatforms) = postSolution
		{D0568131-8181-467A-8C9E-E48D63C30D8F}.Debug|Any CPU.ActiveCfg = Debug|Any CPU
		{D0568131-8181-467A-8C9E-E48D63C30D8F}.Debug|Any CPU.Build.0 = Debug|Any CPU
		{D0568131-8181-467A-8C9E-E48D63C30D8F}.Release|Any CPU.ActiveCfg = Release|Any CPU
		{D0568131-8181-467A-8C9E-E48D63C30D8F}.Release|Any CPU.Build.0 = Release|Any CPU
		{EC2ACC76-9044-424D-B01C-65C5FDA80563}.Debug|Any CPU.ActiveCfg = Debug|Any CPU
		{EC2ACC76-9044-424D-B01C-65C5FDA80563}.Debug|Any CPU.Build.0 = Debug|Any CPU
		{EC2ACC76-9044-424D-B01C-65C5FDA80563}.Release|Any CPU.ActiveCfg = Release|Any CPU
		{EC2ACC76-9044-424D-B01C-65C5FDA80563}.Release|Any CPU.Build.0 = Release|Any CPU
	EndGlobalSection
	GlobalSection(SolutionProperties) = preSolution
		HideSolutionNode = FALSE
	EndGlobalSection
	GlobalSection(ExtensibilityGlobals) = postSolution
		SolutionGuid = {57EB3741-E2AC-4F48-8DBF-C5710658B972}
	EndGlobalSection
EndGlobal
